
Microsoft Visual Studio Solution File, Format Version 12.00
# Visual Studio Version 17
VisualStudioVersion = 17.8.34525.116
MinimumVisualStudioVersion = 10.0.40219.1
Project("{FAE04EC0-301F-11D3-BF4B-00C04F79EFBC}") = "Immortals_New", "Immortals_New.csproj", "{95C7F415-9C58-46F4-B1A1-3D06A8EFAB27}"
EndProject
Global
	GlobalSection(SolutionConfigurationPlatforms) = preSolution
		Debug|Any CPU = Debug|Any CPU
		Release|Any CPU = Release|Any CPU
	EndGlobalSection
	GlobalSection(ProjectConfigurationPlatforms) = postSolution
		{95C7F415-9C58-46F4-B1A1-3D06A8EFAB27}.Debug|Any CPU.ActiveCfg = Debug|Any CPU
		{95C7F415-9C58-46F4-B1A1-3D06A8EFAB27}.Debug|Any CPU.Build.0 = Debug|Any CPU
		{95C7F415-9C58-46F4-B1A1-3D06A8EFAB27}.Release|Any CPU.ActiveCfg = Release|Any CPU
		{95C7F415-9C58-46F4-B1A1-3D06A8EFAB27}.Release|Any CPU.Build.0 = Release|Any CPU
	EndGlobalSection
	GlobalSection(SolutionProperties) = preSolution
		HideSolutionNode = FALSE
	EndGlobalSection
	GlobalSection(ExtensibilityGlobals) = postSolution
		SolutionGuid = {37D40C56-19C8-43FF-B654-EE6C27679EEE}
	EndGlobalSection
EndGlobal
